// !$*UTF8*$!
{
	archiveVersion = 1;
	classes = {
	};
	objectVersion = 77;
	objects = {

/* Begin PBXContainerItemProxy section */
		81C42A9A2E828E0300860089 /* PBXContainerItemProxy */ = {
			isa = PBXContainerItemProxy;
			containerPortal = 81C42A7F2E828E0200860089 /* Project object */;
			proxyType = 1;
			remoteGlobalIDString = 81C42A862E828E0200860089;
			remoteInfo = "Fun iOS Swift Template";
		};
		81C42AA42E828E0300860089 /* PBXContainerItemProxy */ = {
			isa = PBXContainerItemProxy;
			containerPortal = 81C42A7F2E828E0200860089 /* Project object */;
			proxyType = 1;
			remoteGlobalIDString = 81C42A862E828E0200860089;
			remoteInfo = "Fun iOS Swift Template";
		};
/* End PBXContainerItemProxy section */

/* Begin PBXFileReference section */
		81C42A872E828E0200860089 /* Fun iOS Swift Template.app */ = {isa = PBXFileReference; explicitFileType = wrapper.application; includeInIndex = 0; path = "Fun iOS Swift Template.app"; sourceTree = BUILT_PRODUCTS_DIR; };
		81C42A992E828E0300860089 /* Fun iOS Swift TemplateTests.xctest */ = {isa = PBXFileReference; explicitFileType = wrapper.cfbundle; includeInIndex = 0; path = "Fun iOS Swift TemplateTests.xctest"; sourceTree = BUILT_PRODUCTS_DIR; };
		81C42AA32E828E0300860089 /* Fun iOS Swift TemplateUITests.xctest */ = {isa = PBXFileReference; explicitFileType = wrapper.cfbundle; includeInIndex = 0; path = "Fun iOS Swift TemplateUITests.xctest"; sourceTree = BUILT_PRODUCTS_DIR; };
/* End PBXFileReference section */

/* Begin PBXFileSystemSynchronizedRootGroup section */
		81C42A892E828E0200860089 /* Fun iOS Swift Template */ = {
			isa = PBXFileSystemSynchronizedRootGroup;
			path = "Fun iOS Swift Template";
			sourceTree = "<group>";
		};
		81C42A9C2E828E0300860089 /* Fun iOS Swift TemplateTests */ = {
			isa = PBXFileSystemSynchronizedRootGroup;
			path = "Fun iOS Swift TemplateTests";
			sourceTree = "<group>";
		};
		81C42AA62E828E0300860089 /* Fun iOS Swift TemplateUITests */ = {
			isa = PBXFileSystemSynchronizedRootGroup;
			path = "Fun iOS Swift TemplateUITests";
			sourceTree = "<group>";
		};
/* End PBXFileSystemSynchronizedRootGroup section */

/* Begin PBXFrameworksBuildPhase section */
		81C42A842E828E0200860089 /* Frameworks */ = {
			isa = PBXFrameworksBuildPhase;
			buildActionMask = 2147483647;
			files = (
			);
			runOnlyForDeploymentPostprocessing = 0;
		};
		81C42A962E828E0300860089 /* Frameworks */ = {
			isa = PBXFrameworksBuildPhase;
			buildActionMask = 2147483647;
			files = (
			);
			runOnlyForDeploymentPostprocessing = 0;
		};
		81C42AA02E828E0300860089 /* Frameworks */ = {
			isa = PBXFrameworksBuildPhase;
			buildActionMask = 2147483647;
			files = (
			);
			runOnlyForDeploymentPostprocessing = 0;
		};
/* End PBXFrameworksBuildPhase section */

/* Begin PBXGroup section */
		81C42A7E2E828E0200860089 = {
			isa = PBXGroup;
			children = (
				81C42A892E828E0200860089 /* Fun iOS Swift Template */,
				81C42A9C2E828E0300860089 /* Fun iOS Swift TemplateTests */,
				81C42AA62E828E0300860089 /* Fun iOS Swift TemplateUITests */,
				81C42A882E828E0200860089 /* Products */,
			);
			sourceTree = "<group>";
		};
		81C42A882E828E0200860089 /* Products */ = {
			isa = PBXGroup;
			children = (
				81C42A872E828E0200860089 /* Fun iOS Swift Template.app */,
				81C42A992E828E0300860089 /* Fun iOS Swift TemplateTests.xctest */,
				81C42AA32E828E0300860089 /* Fun iOS Swift TemplateUITests.xctest */,
			);
			name = Products;
			sourceTree = "<group>";
		};
/* End PBXGroup section */

/* Begin PBXNativeTarget section */
		81C42A862E828E0200860089 /* Fun iOS Swift Template */ = {
			isa = PBXNativeTarget;
			buildConfigurationList = 81C42AAD2E828E0300860089 /* Build configuration list for PBXNativeTarget "Fun iOS Swift Template" */;
			buildPhases = (
				81C42A832E828E0200860089 /* Sources */,
				81C42A842E828E0200860089 /* Frameworks */,
				81C42A852E828E0200860089 /* Resources */,
			);
			buildRules = (
			);
			dependencies = (
			);
			fileSystemSynchronizedGroups = (
				81C42A892E828E0200860089 /* Fun iOS Swift Template */,
			);
			name = "Fun iOS Swift Template";
			packageProductDependencies = (
			);
			productName = "Fun iOS Swift Template";
			productReference = 81C42A872E828E0200860089 /* Fun iOS Swift Template.app */;
			productType = "com.apple.product-type.application";
		};
		81C42A982E828E0300860089 /* Fun iOS Swift TemplateTests */ = {
			isa = PBXNativeTarget;
			buildConfigurationList = 81C42AB02E828E0300860089 /* Build configuration list for PBXNativeTarget "Fun iOS Swift TemplateTests" */;
			buildPhases = (
				81C42A952E828E0300860089 /* Sources */,
				81C42A962E828E0300860089 /* Frameworks */,
				81C42A972E828E0300860089 /* Resources */,
			);
			buildRules = (
			);
			dependencies = (
				81C42A9B2E828E0300860089 /* PBXTargetDependency */,
			);
			fileSystemSynchronizedGroups = (
				81C42A9C2E828E0300860089 /* Fun iOS Swift TemplateTests */,
			);
			name = "Fun iOS Swift TemplateTests";
			packageProductDependencies = (
			);
			productName = "Fun iOS Swift TemplateTests";
			productReference = 81C42A992E828E0300860089 /* Fun iOS Swift TemplateTests.xctest */;
			productType = "com.apple.product-type.bundle.unit-test";
		};
		81C42AA22E828E0300860089 /* Fun iOS Swift TemplateUITests */ = {
			isa = PBXNativeTarget;
			buildConfigurationList = 81C42AB32E828E0300860089 /* Build configuration list for PBXNativeTarget "Fun iOS Swift TemplateUITests" */;
			buildPhases = (
				81C42A9F2E828E0300860089 /* Sources */,
				81C42AA02E828E0300860089 /* Frameworks */,
				81C42AA12E828E0300860089 /* Resources */,
			);
			buildRules = (
			);
			dependencies = (
				81C42AA52E828E0300860089 /* PBXTargetDependency */,
			);
			fileSystemSynchronizedGroups = (
				81C42AA62E828E0300860089 /* Fun iOS Swift TemplateUITests */,
			);
			name = "Fun iOS Swift TemplateUITests";
			packageProductDependencies = (
			);
			productName = "Fun iOS Swift TemplateUITests";
			productReference = 81C42AA32E828E0300860089 /* Fun iOS Swift TemplateUITests.xctest */;
			productType = "com.apple.product-type.bundle.ui-testing";
		};
/* End PBXNativeTarget section */

/* Begin PBXProject section */
		81C42A7F2E828E0200860089 /* Project object */ = {
			isa = PBXProject;
			attributes = {
				BuildIndependentTargetsInParallel = 1;
				LastSwiftUpdateCheck = 2600;
				LastUpgradeCheck = 2600;
				TargetAttributes = {
					81C42A862E828E0200860089 = {
						CreatedOnToolsVersion = 26.0;
					};
					81C42A982E828E0300860089 = {
						CreatedOnToolsVersion = 26.0;
						TestTargetID = 81C42A862E828E0200860089;
					};
					81C42AA22E828E0300860089 = {
						CreatedOnToolsVersion = 26.0;
						TestTargetID = 81C42A862E828E0200860089;
					};
				};
			};
			buildConfigurationList = 81C42A822E828E0200860089 /* Build configuration list for PBXProject "Fun iOS Swift Template" */;
			developmentRegion = en;
			hasScannedForEncodings = 0;
			knownRegions = (
				en,
				Base,
			);
			mainGroup = 81C42A7E2E828E0200860089;
			minimizedProjectReferenceProxies = 1;
			preferredProjectObjectVersion = 77;
			productRefGroup = 81C42A882E828E0200860089 /* Products */;
			projectDirPath = "";
			projectRoot = "";
			targets = (
				81C42A862E828E0200860089 /* Fun iOS Swift Template */,
				81C42A982E828E0300860089 /* Fun iOS Swift TemplateTests */,
				81C42AA22E828E0300860089 /* Fun iOS Swift TemplateUITests */,
			);
		};
/* End PBXProject section */

/* Begin PBXResourcesBuildPhase section */
		81C42A852E828E0200860089 /* Resources */ = {
			isa = PBXResourcesBuildPhase;
			buildActionMask = 2147483647;
			files = (
			);
			runOnlyForDeploymentPostprocessing = 0;
		};
		81C42A972E828E0300860089 /* Resources */ = {
			isa = PBXResourcesBuildPhase;
			buildActionMask = 2147483647;
			files = (
			);
			runOnlyForDeploymentPostprocessing = 0;
		};
		81C42AA12E828E0300860089 /* Resources */ = {
			isa = PBXResourcesBuildPhase;
			buildActionMask = 2147483647;
			files = (
			);
			runOnlyForDeploymentPostprocessing = 0;
		};
/* End PBXResourcesBuildPhase section */

/* Begin PBXSourcesBuildPhase section */
		81C42A832E828E0200860089 /* Sources */ = {
			isa = PBXSourcesBuildPhase;
			buildActionMask = 2147483647;
			files = (
			);
			runOnlyForDeploymentPostprocessing = 0;
		};
		81C42A952E828E0300860089 /* Sources */ = {
			isa = PBXSourcesBuildPhase;
			buildActionMask = 2147483647;
			files = (
			);
			runOnlyForDeploymentPostprocessing = 0;
		};
		81C42A9F2E828E0300860089 /* Sources */ = {
			isa = PBXSourcesBuildPhase;
			buildActionMask = 2147483647;
			files = (
			);
			runOnlyForDeploymentPostprocessing = 0;
		};
/* End PBXSourcesBuildPhase section */

/* Begin PBXTargetDependency section */
		81C42A9B2E828E0300860089 /* PBXTargetDependency */ = {
			isa = PBXTargetDependency;
			target = 81C42A862E828E0200860089 /* Fun iOS Swift Template */;
			targetProxy = 81C42A9A2E828E0300860089 /* PBXContainerItemProxy */;
		};
		81C42AA52E828E0300860089 /* PBXTargetDependency */ = {
			isa = PBXTargetDependency;
			target = 81C42A862E828E0200860089 /* Fun iOS Swift Template */;
			targetProxy = 81C42AA42E828E0300860089 /* PBXContainerItemProxy */;
		};
/* End PBXTargetDependency section */

/* Begin XCBuildConfiguration section */
		81C42AAB2E828E0300860089 /* Debug */ = {
			isa = XCBuildConfiguration;
			buildSettings = {
				ALWAYS_SEARCH_USER_PATHS = NO;
				ASSETCATALOG_COMPILER_GENERATE_SWIFT_ASSET_SYMBOL_EXTENSIONS = YES;
				CLANG_ANALYZER_NONNULL = YES;
				CLANG_ANALYZER_NUMBER_OBJECT_CONVERSION = YES_AGGRESSIVE;
				CLANG_CXX_LANGUAGE_STANDARD = "gnu++20";
				CLANG_ENABLE_MODULES = YES;
				CLANG_ENABLE_OBJC_ARC = YES;
				CLANG_ENABLE_OBJC_WEAK = YES;
				CLANG_WARN_BLOCK_CAPTURE_AUTORELEASING = YES;
				CLANG_WARN_BOOL_CONVERSION = YES;
				CLANG_WARN_COMMA = YES;
				CLANG_WARN_CONSTANT_CONVERSION = YES;
				CLANG_WARN_DEPRECATED_OBJC_IMPLEMENTATIONS = YES;
				CLANG_WARN_DIRECT_OBJC_ISA_USAGE = YES_ERROR;
				CLANG_WARN_DOCUMENTATION_COMMENTS = YES;
				CLANG_WARN_EMPTY_BODY = YES;
				CLANG_WARN_ENUM_CONVERSION = YES;
				CLANG_WARN_INFINITE_RECURSION = YES;
				CLANG_WARN_INT_CONVERSION = YES;
				CLANG_WARN_NON_LITERAL_NULL_CONVERSION = YES;
				CLANG_WARN_OBJC_IMPLICIT_RETAIN_SELF = YES;
				CLANG_WARN_OBJC_LITERAL_CONVERSION = YES;
				CLANG_WARN_OBJC_ROOT_CLASS = YES_ERROR;
				CLANG_WARN_QUOTED_INCLUDE_IN_FRAMEWORK_HEADER = YES;
				CLANG_WARN_RANGE_LOOP_ANALYSIS = YES;
				CLANG_WARN_STRICT_PROTOTYPES = YES;
				CLANG_WARN_SUSPICIOUS_MOVE = YES;
				CLANG_WARN_UNGUARDED_AVAILABILITY = YES_AGGRESSIVE;
				CLANG_WARN_UNREACHABLE_CODE = YES;
				CLANG_WARN__DUPLICATE_METHOD_MATCH = YES;
				COPY_PHASE_STRIP = NO;
				DEBUG_INFORMATION_FORMAT = dwarf;
				DEVELOPMENT_TEAM = KAB6DK2FUW;
				ENABLE_STRICT_OBJC_MSGSEND = YES;
				ENABLE_TESTABILITY = YES;
				ENABLE_USER_SCRIPT_SANDBOXING = YES;
				GCC_C_LANGUAGE_STANDARD = gnu17;
				GCC_DYNAMIC_NO_PIC = NO;
				GCC_NO_COMMON_BLOCKS = YES;
				GCC_OPTIMIZATION_LEVEL = 0;
				GCC_PREPROCESSOR_DEFINITIONS = (
					"DEBUG=1",
					"$(inherited)",
				);
				GCC_WARN_64_TO_32_BIT_CONVERSION = YES;
				GCC_WARN_ABOUT_RETURN_TYPE = YES_ERROR;
				GCC_WARN_UNDECLARED_SELECTOR = YES;
				GCC_WARN_UNINITIALIZED_AUTOS = YES_AGGRESSIVE;
				GCC_WARN_UNUSED_FUNCTION = YES;
				GCC_WARN_UNUSED_VARIABLE = YES;
				IPHONEOS_DEPLOYMENT_TARGET = 26.0;
				LOCALIZATION_PREFERS_STRING_CATALOGS = YES;
				MTL_ENABLE_DEBUG_INFO = INCLUDE_SOURCE;
				MTL_FAST_MATH = YES;
				ONLY_ACTIVE_ARCH = YES;
				SDKROOT = iphoneos;
				SWIFT_ACTIVE_COMPILATION_CONDITIONS = "DEBUG $(inherited)";
				SWIFT_OPTIMIZATION_LEVEL = "-Onone";
			};
			name = Debug;
		};
		81C42AAC2E828E0300860089 /* Release */ = {
			isa = XCBuildConfiguration;
			buildSettings = {
				ALWAYS_SEARCH_USER_PATHS = NO;
				ASSETCATALOG_COMPILER_GENERATE_SWIFT_ASSET_SYMBOL_EXTENSIONS = YES;
				CLANG_ANALYZER_NONNULL = YES;
				CLANG_ANALYZER_NUMBER_OBJECT_CONVERSION = YES_AGGRESSIVE;
				CLANG_CXX_LANGUAGE_STANDARD = "gnu++20";
				CLANG_ENABLE_MODULES = YES;
				CLANG_ENABLE_OBJC_ARC = YES;
				CLANG_ENABLE_OBJC_WEAK = YES;
				CLANG_WARN_BLOCK_CAPTURE_AUTORELEASING = YES;
				CLANG_WARN_BOOL_CONVERSION = YES;
				CLANG_WARN_COMMA = YES;
				CLANG_WARN_CONSTANT_CONVERSION = YES;
				CLANG_WARN_DEPRECATED_OBJC_IMPLEMENTATIONS = YES;
				CLANG_WARN_DIRECT_OBJC_ISA_USAGE = YES_ERROR;
				CLANG_WARN_DOCUMENTATION_COMMENTS = YES;
				CLANG_WARN_EMPTY_BODY = YES;
				CLANG_WARN_ENUM_CONVERSION = YES;
				CLANG_WARN_INFINITE_RECURSION = YES;
				CLANG_WARN_INT_CONVERSION = YES;
				CLANG_WARN_NON_LITERAL_NULL_CONVERSION = YES;
				CLANG_WARN_OBJC_IMPLICIT_RETAIN_SELF = YES;
				CLANG_WARN_OBJC_LITERAL_CONVERSION = YES;
				CLANG_WARN_OBJC_ROOT_CLASS = YES_ERROR;
				CLANG_WARN_QUOTED_INCLUDE_IN_FRAMEWORK_HEADER = YES;
				CLANG_WARN_RANGE_LOOP_ANALYSIS = YES;
				CLANG_WARN_STRICT_PROTOTYPES = YES;
				CLANG_WARN_SUSPICIOUS_MOVE = YES;
				CLANG_WARN_UNGUARDED_AVAILABILITY = YES_AGGRESSIVE;
				CLANG_WARN_UNREACHABLE_CODE = YES;
				CLANG_WARN__DUPLICATE_METHOD_MATCH = YES;
				COPY_PHASE_STRIP = NO;
				DEBUG_INFORMATION_FORMAT = "dwarf-with-dsym";
				DEVELOPMENT_TEAM = KAB6DK2FUW;
				ENABLE_NS_ASSERTIONS = NO;
				ENABLE_STRICT_OBJC_MSGSEND = YES;
				ENABLE_USER_SCRIPT_SANDBOXING = YES;
				GCC_C_LANGUAGE_STANDARD = gnu17;
				GCC_NO_COMMON_BLOCKS = YES;
				GCC_WARN_64_TO_32_BIT_CONVERSION = YES;
				GCC_WARN_ABOUT_RETURN_TYPE = YES_ERROR;
				GCC_WARN_UNDECLARED_SELECTOR = YES;
				GCC_WARN_UNINITIALIZED_AUTOS = YES_AGGRESSIVE;
				GCC_WARN_UNUSED_FUNCTION = YES;
				GCC_WARN_UNUSED_VARIABLE = YES;
				IPHONEOS_DEPLOYMENT_TARGET = 26.0;
				LOCALIZATION_PREFERS_STRING_CATALOGS = YES;
				MTL_ENABLE_DEBUG_INFO = NO;
				MTL_FAST_MATH = YES;
				SDKROOT = iphoneos;
				SWIFT_COMPILATION_MODE = wholemodule;
				VALIDATE_PRODUCT = YES;
			};
			name = Release;
		};
		81C42AAE2E828E0300860089 /* Debug */ = {
			isa = XCBuildConfiguration;
			buildSettings = {
				ASSETCATALOG_COMPILER_APPICON_NAME = AppIcon;
				ASSETCATALOG_COMPILER_GLOBAL_ACCENT_COLOR_NAME = AccentColor;
				CODE_SIGN_STYLE = Automatic;
				CURRENT_PROJECT_VERSION = 1;
				DEVELOPMENT_TEAM = KAB6DK2FUW;
				ENABLE_PREVIEWS = YES;
				GENERATE_INFOPLIST_FILE = YES;
				INFOPLIST_KEY_UIApplicationSceneManifest_Generation = YES;
				INFOPLIST_KEY_UIApplicationSupportsIndirectInputEvents = YES;
				INFOPLIST_KEY_UILaunchScreen_Generation = YES;
				INFOPLIST_KEY_UISupportedInterfaceOrientations_iPad = "UIInterfaceOrientationPortrait UIInterfaceOrientationPortraitUpsideDown UIInterfaceOrientationLandscapeLeft UIInterfaceOrientationLandscapeRight";
				INFOPLIST_KEY_UISupportedInterfaceOrientations_iPhone = "UIInterfaceOrientationPortrait UIInterfaceOrientationLandscapeLeft UIInterfaceOrientationLandscapeRight";
				LD_RUNPATH_SEARCH_PATHS = (
					"$(inherited)",
					"@executable_path/Frameworks",
				);
				MARKETING_VERSION = 1.0;
				PRODUCT_BUNDLE_IDENTIFIER = "com.codejourneysoftware.Fun-iOS-Swift-Template";
				PRODUCT_NAME = "$(TARGET_NAME)";
				STRING_CATALOG_GENERATE_SYMBOLS = YES;
				SWIFT_APPROACHABLE_CONCURRENCY = YES;
				SWIFT_DEFAULT_ACTOR_ISOLATION = MainActor;
				SWIFT_EMIT_LOC_STRINGS = YES;
				SWIFT_UPCOMING_FEATURE_MEMBER_IMPORT_VISIBILITY = YES;
				SWIFT_VERSION = 5.0;
				TARGETED_DEVICE_FAMILY = "1,2";
			};
			name = Debug;
		};
		81C42AAF2E828E0300860089 /* Release */ = {
			isa = XCBuildConfiguration;
			buildSettings = {
				ASSETCATALOG_COMPILER_APPICON_NAME = AppIcon;
				ASSETCATALOG_COMPILER_GLOBAL_ACCENT_COLOR_NAME = AccentColor;
				CODE_SIGN_STYLE = Automatic;
				CURRENT_PROJECT_VERSION = 1;
				DEVELOPMENT_TEAM = KAB6DK2FUW;
				ENABLE_PREVIEWS = YES;
				GENERATE_INFOPLIST_FILE = YES;
				INFOPLIST_KEY_UIApplicationSceneManifest_Generation = YES;
				INFOPLIST_KEY_UIApplicationSupportsIndirectInputEvents = YES;
				INFOPLIST_KEY_UILaunchScreen_Generation = YES;
				INFOPLIST_KEY_UISupportedInterfaceOrientations_iPad = "UIInterfaceOrientationPortrait UIInterfaceOrientationPortraitUpsideDown UIInterfaceOrientationLandscapeLeft UIInterfaceOrientationLandscapeRight";
				INFOPLIST_KEY_UISupportedInterfaceOrientations_iPhone = "UIInterfaceOrientationPortrait UIInterfaceOrientationLandscapeLeft UIInterfaceOrientationLandscapeRight";
				LD_RUNPATH_SEARCH_PATHS = (
					"$(inherited)",
					"@executable_path/Frameworks",
				);
				MARKETING_VERSION = 1.0;
				PRODUCT_BUNDLE_IDENTIFIER = "com.codejourneysoftware.Fun-iOS-Swift-Template";
				PRODUCT_NAME = "$(TARGET_NAME)";
				STRING_CATALOG_GENERATE_SYMBOLS = YES;
				SWIFT_APPROACHABLE_CONCURRENCY = YES;
				SWIFT_DEFAULT_ACTOR_ISOLATION = MainActor;
				SWIFT_EMIT_LOC_STRINGS = YES;
				SWIFT_UPCOMING_FEATURE_MEMBER_IMPORT_VISIBILITY = YES;
				SWIFT_VERSION = 5.0;
				TARGETED_DEVICE_FAMILY = "1,2";
			};
			name = Release;
		};
		81C42AB12E828E0300860089 /* Debug */ = {
			isa = XCBuildConfiguration;
			buildSettings = {
				BUNDLE_LOADER = "$(TEST_HOST)";
				CODE_SIGN_STYLE = Automatic;
				CURRENT_PROJECT_VERSION = 1;
				DEVELOPMENT_TEAM = KAB6DK2FUW;
				GENERATE_INFOPLIST_FILE = YES;
				IPHONEOS_DEPLOYMENT_TARGET = 26.0;
				MARKETING_VERSION = 1.0;
				PRODUCT_BUNDLE_IDENTIFIER = "com.codejourneysoftware.Fun-iOS-Swift-TemplateTests";
				PRODUCT_NAME = "$(TARGET_NAME)";
				STRING_CATALOG_GENERATE_SYMBOLS = NO;
				SWIFT_APPROACHABLE_CONCURRENCY = YES;
				SWIFT_EMIT_LOC_STRINGS = NO;
				SWIFT_UPCOMING_FEATURE_MEMBER_IMPORT_VISIBILITY = YES;
				SWIFT_VERSION = 5.0;
				TARGETED_DEVICE_FAMILY = "1,2";
				TEST_HOST = "$(BUILT_PRODUCTS_DIR)/Fun iOS Swift Template.app/$(BUNDLE_EXECUTABLE_FOLDER_PATH)/Fun iOS Swift Template";
			};
			name = Debug;
		};
		81C42AB22E828E0300860089 /* Release */ = {
			isa = XCBuildConfiguration;
			buildSettings = {
				BUNDLE_LOADER = "$(TEST_HOST)";
				CODE_SIGN_STYLE = Automatic;
				CURRENT_PROJECT_VERSION = 1;
				DEVELOPMENT_TEAM = KAB6DK2FUW;
				GENERATE_INFOPLIST_FILE = YES;
				IPHONEOS_DEPLOYMENT_TARGET = 26.0;
				MARKETING_VERSION = 1.0;
				PRODUCT_BUNDLE_IDENTIFIER = "com.codejourneysoftware.Fun-iOS-Swift-TemplateTests";
				PRODUCT_NAME = "$(TARGET_NAME)";
				STRING_CATALOG_GENERATE_SYMBOLS = NO;
				SWIFT_APPROACHABLE_CONCURRENCY = YES;
				SWIFT_EMIT_LOC_STRINGS = NO;
				SWIFT_UPCOMING_FEATURE_MEMBER_IMPORT_VISIBILITY = YES;
				SWIFT_VERSION = 5.0;
				TARGETED_DEVICE_FAMILY = "1,2";
				TEST_HOST = "$(BUILT_PRODUCTS_DIR)/Fun iOS Swift Template.app/$(BUNDLE_EXECUTABLE_FOLDER_PATH)/Fun iOS Swift Template";
			};
			name = Release;
		};
		81C42AB42E828E0300860089 /* Debug */ = {
			isa = XCBuildConfiguration;
			buildSettings = {
				CODE_SIGN_STYLE = Automatic;
				CURRENT_PROJECT_VERSION = 1;
				DEVELOPMENT_TEAM = KAB6DK2FUW;
				GENERATE_INFOPLIST_FILE = YES;
				MARKETING_VERSION = 1.0;
				PRODUCT_BUNDLE_IDENTIFIER = "com.codejourneysoftware.Fun-iOS-Swift-TemplateUITests";
				PRODUCT_NAME = "$(TARGET_NAME)";
				STRING_CATALOG_GENERATE_SYMBOLS = NO;
				SWIFT_APPROACHABLE_CONCURRENCY = YES;
				SWIFT_EMIT_LOC_STRINGS = NO;
				SWIFT_UPCOMING_FEATURE_MEMBER_IMPORT_VISIBILITY = YES;
				SWIFT_VERSION = 5.0;
				TARGETED_DEVICE_FAMILY = "1,2";
				TEST_TARGET_NAME = "Fun iOS Swift Template";
			};
			name = Debug;
		};
		81C42AB52E828E0300860089 /* Release */ = {
			isa = XCBuildConfiguration;
			buildSettings = {
				CODE_SIGN_STYLE = Automatic;
				CURRENT_PROJECT_VERSION = 1;
				DEVELOPMENT_TEAM = KAB6DK2FUW;
				GENERATE_INFOPLIST_FILE = YES;
				MARKETING_VERSION = 1.0;
				PRODUCT_BUNDLE_IDENTIFIER = "com.codejourneysoftware.Fun-iOS-Swift-TemplateUITests";
				PRODUCT_NAME = "$(TARGET_NAME)";
				STRING_CATALOG_GENERATE_SYMBOLS = NO;
				SWIFT_APPROACHABLE_CONCURRENCY = YES;
				SWIFT_EMIT_LOC_STRINGS = NO;
				SWIFT_UPCOMING_FEATURE_MEMBER_IMPORT_VISIBILITY = YES;
				SWIFT_VERSION = 5.0;
				TARGETED_DEVICE_FAMILY = "1,2";
				TEST_TARGET_NAME = "Fun iOS Swift Template";
			};
			name = Release;
		};
/* End XCBuildConfiguration section */

/* Begin XCConfigurationList section */
		81C42A822E828E0200860089 /* Build configuration list for PBXProject "Fun iOS Swift Template" */ = {
			isa = XCConfigurationList;
			buildConfigurations = (
				81C42AAB2E828E0300860089 /* Debug */,
				81C42AAC2E828E0300860089 /* Release */,
			);
			defaultConfigurationIsVisible = 0;
			defaultConfigurationName = Release;
		};
		81C42AAD2E828E0300860089 /* Build configuration list for PBXNativeTarget "Fun iOS Swift Template" */ = {
			isa = XCConfigurationList;
			buildConfigurations = (
				81C42AAE2E828E0300860089 /* Debug */,
				81C42AAF2E828E0300860089 /* Release */,
			);
			defaultConfigurationIsVisible = 0;
			defaultConfigurationName = Release;
		};
		81C42AB02E828E0300860089 /* Build configuration list for PBXNativeTarget "Fun iOS Swift TemplateTests" */ = {
			isa = XCConfigurationList;
			buildConfigurations = (
				81C42AB12E828E0300860089 /* Debug */,
				81C42AB22E828E0300860089 /* Release */,
			);
			defaultConfigurationIsVisible = 0;
			defaultConfigurationName = Release;
		};
		81C42AB32E828E0300860089 /* Build configuration list for PBXNativeTarget "Fun iOS Swift TemplateUITests" */ = {
			isa = XCConfigurationList;
			buildConfigurations = (
				81C42AB42E828E0300860089 /* Debug */,
				81C42AB52E828E0300860089 /* Release */,
			);
			defaultConfigurationIsVisible = 0;
			defaultConfigurationName = Release;
		};
/* End XCConfigurationList section */
	};
	rootObject = 81C42A7F2E828E0200860089 /* Project object */;
}
